<Solution>
  <Folder Name="/spike/">
    <Project Path="spike/Printo.Spike.Ipp/Printo.Spike.Ipp.csproj" />
    <Project Path="spike/Printo.Spike.PipePort/Printo.Spike.PipePort.csproj" />
  </Folder>
  <Project Path="Printo.Agent.Core/Printo.Agent.Core.csproj" />
  <Project Path="Printo.Agent.Ocr/Printo.Agent.Ocr.csproj" />
  <Project Path="Printo.Agent.Printing/Printo.Agent.Printing.csproj" />
  <Project Path="Printo.Agent.Render/Printo.Agent.Render.csproj" />
  <Project Path="Printo.Agent.Runtime/Printo.Agent.Runtime.csproj" />
  <Project Path="Printo.Agent.Service/Printo.Agent.Service.csproj" />
  <Project Path="Printo.Agent.Tests/Printo.Agent.Tests.csproj" />
  <Project Path="Printo.Agent.Tray/Printo.Agent.Tray.csproj" />
</Solution>
